
Microsoft Visual Studio Solution File, Format Version 12.00
# Visual Studio Version 17
VisualStudioVersion = 17.2.32616.157
MinimumVisualStudioVersion = 10.0.40219.1
Project("{9A19103F-16F7-4668-BE54-9A1E7A4F7556}") = "LongRunningTasks.Api", "LongRunningTasks.Api\LongRunningTasks.Api.csproj", "{6A5C2DFD-AFE6-478D-9EB9-6F5B8FBF2FD7}"
EndProject
Project("{9A19103F-16F7-4668-BE54-9A1E7A4F7556}") = "LongRunningTasks.Infrastructure", "LongRunningTasks.Infrastructure\LongRunningTasks.Infrastructure.csproj", "{1D447E6C-F1FF-45F9-9F2F-C519E0CF8F02}"
EndProject
Project("{9A19103F-16F7-4668-BE54-9A1E7A4F7556}") = "LongRunningTasks.Application", "LongRunningTasks.Application\LongRunningTasks.Application.csproj", "{F4CD5D6B-0C27-4142-AC54-9C6E2F13D6DD}"
EndProject
Project("{9A19103F-16F7-4668-BE54-9A1E7A4F7556}") = "LongRunningTasks.Core", "LongRunningTasks.Core\LongRunningTasks.Core.csproj", "{96463F4D-3AA1-40C0-8929-2F547CF25C0E}"
EndProject
Project("{FAE04EC0-301F-11D3-BF4B-00C04F79EFBC}") = "LongRunningTasks.ProducerApi", "ProducerApi\LongRunningTasks.ProducerApi.csproj", "{4D144D84-5174-4065-BD58-37BFC5704B0E}"
EndProject
Global
	GlobalSection(SolutionConfigurationPlatforms) = preSolution
		Debug|Any CPU = Debug|Any CPU
		Release|Any CPU = Release|Any CPU
	EndGlobalSection
	GlobalSection(ProjectConfigurationPlatforms) = postSolution
		{6A5C2DFD-AFE6-478D-9EB9-6F5B8FBF2FD7}.Debug|Any CPU.ActiveCfg = Debug|Any CPU
		{6A5C2DFD-AFE6-478D-9EB9-6F5B8FBF2FD7}.Debug|Any CPU.Build.0 = Debug|Any CPU
		{6A5C2DFD-AFE6-478D-9EB9-6F5B8FBF2FD7}.Release|Any CPU.ActiveCfg = Release|Any CPU
		{6A5C2DFD-AFE6-478D-9EB9-6F5B8FBF2FD7}.Release|Any CPU.Build.0 = Release|Any CPU
		{1D447E6C-F1FF-45F9-9F2F-C519E0CF8F02}.Debug|Any CPU.ActiveCfg = Debug|Any CPU
		{1D447E6C-F1FF-45F9-9F2F-C519E0CF8F02}.Debug|Any CPU.Build.0 = Debug|Any CPU
		{1D447E6C-F1FF-45F9-9F2F-C519E0CF8F02}.Release|Any CPU.ActiveCfg = Release|Any CPU
		{1D447E6C-F1FF-45F9-9F2F-C519E0CF8F02}.Release|Any CPU.Build.0 = Release|Any CPU
		{F4CD5D6B-0C27-4142-AC54-9C6E2F13D6DD}.Debug|Any CPU.ActiveCfg = Debug|Any CPU
		{F4CD5D6B-0C27-4142-AC54-9C6E2F13D6DD}.Debug|Any CPU.Build.0 = Debug|Any CPU
		{F4CD5D6B-0C27-4142-AC54-9C6E2F13D6DD}.Release|Any CPU.ActiveCfg = Release|Any CPU
		{F4CD5D6B-0C27-4142-AC54-9C6E2F13D6DD}.Release|Any CPU.Build.0 = Release|Any CPU
		{96463F4D-3AA1-40C0-8929-2F547CF25C0E}.Debug|Any CPU.ActiveCfg = Debug|Any CPU
		{96463F4D-3AA1-40C0-8929-2F547CF25C0E}.Debug|Any CPU.Build.0 = Debug|Any CPU
		{96463F4D-3AA1-40C0-8929-2F547CF25C0E}.Release|Any CPU.ActiveCfg = Release|Any CPU
		{96463F4D-3AA1-40C0-8929-2F547CF25C0E}.Release|Any CPU.Build.0 = Release|Any CPU
		{4D144D84-5174-4065-BD58-37BFC5704B0E}.Debug|Any CPU.ActiveCfg = Debug|Any CPU
		{4D144D84-5174-4065-BD58-37BFC5704B0E}.Debug|Any CPU.Build.0 = Debug|Any CPU
		{4D144D84-5174-4065-BD58-37BFC5704B0E}.Release|Any CPU.ActiveCfg = Release|Any CPU
		{4D144D84-5174-4065-BD58-37BFC5704B0E}.Release|Any CPU.Build.0 = Release|Any CPU
	EndGlobalSection
	GlobalSection(SolutionProperties) = preSolution
		HideSolutionNode = FALSE
	EndGlobalSection
	GlobalSection(ExtensibilityGlobals) = postSolution
		SolutionGuid = {39FCCEB0-1DF8-4D73-A603-0256C4677CAF}
	EndGlobalSection
EndGlobal
